
Microsoft Visual Studio Solution File, Format Version 12.00
# Visual Studio Version 17
VisualStudioVersion = 17.1.32319.34
MinimumVisualStudioVersion = 10.0.40219.1
Project("{9A19103F-16F7-4668-BE54-9A1E7A4F7556}") = "IMBA", "IMBA\IMBA.csproj", "{B451A08E-96AC-41B5-B2D6-23B792C3F699}"
EndProject
Project("{FAE04EC0-301F-11D3-BF4B-00C04F79EFBC}") = "IMBA.Tests", "IMBA.Tests\IMBA.Tests.csproj", "{C52CA976-2CFC-44BB-A0B7-4FEBE2C9D5A2}"
EndProject
Global
	GlobalSection(SolutionConfigurationPlatforms) = preSolution
		Debug|Any CPU = Debug|Any CPU
		Release|Any CPU = Release|Any CPU
	EndGlobalSection
	GlobalSection(ProjectConfigurationPlatforms) = postSolution
		{B451A08E-96AC-41B5-B2D6-23B792C3F699}.Debug|Any CPU.ActiveCfg = Debug|Any CPU
		{B451A08E-96AC-41B5-B2D6-23B792C3F699}.Debug|Any CPU.Build.0 = Debug|Any CPU
		{B451A08E-96AC-41B5-B2D6-23B792C3F699}.Release|Any CPU.ActiveCfg = Release|Any CPU
		{B451A08E-96AC-41B5-B2D6-23B792C3F699}.Release|Any CPU.Build.0 = Release|Any CPU
		{C52CA976-2CFC-44BB-A0B7-4FEBE2C9D5A2}.Debug|Any CPU.ActiveCfg = Debug|Any CPU
		{C52CA976-2CFC-44BB-A0B7-4FEBE2C9D5A2}.Debug|Any CPU.Build.0 = Debug|Any CPU
		{C52CA976-2CFC-44BB-A0B7-4FEBE2C9D5A2}.Release|Any CPU.ActiveCfg = Release|Any CPU
		{C52CA976-2CFC-44BB-A0B7-4FEBE2C9D5A2}.Release|Any CPU.Build.0 = Release|Any CPU
	EndGlobalSection
	GlobalSection(SolutionProperties) = preSolution
		HideSolutionNode = FALSE
	EndGlobalSection
	GlobalSection(ExtensibilityGlobals) = postSolution
		SolutionGuid = {2D037C32-A431-420C-91C4-8A9FC065B456}
	EndGlobalSection
EndGlobal
